
Microsoft Visual Studio Solution File, Format Version 12.00
# Visual Studio Version 17
VisualStudioVersion = 17.3.32804.467
MinimumVisualStudioVersion = 10.0.40219.1
Project("{FAE04EC0-301F-11D3-BF4B-00C04F79EFBC}") = "1_windows_service", "1_windows_service\1_windows_service.csproj", "{88FEE67D-CB77-4E94-9DEE-0F940F3873BF}"
EndProject
Project("{FAE04EC0-301F-11D3-BF4B-00C04F79EFBC}") = "2_di", "2_di\2_di.csproj", "{D7F3B9B9-C303-4CF1-8CF4-7BB16C4C2694}"
EndProject
Project("{FAE04EC0-301F-11D3-BF4B-00C04F79EFBC}") = "3_di_sample", "3_di_sample\3_di_sample.csproj", "{7BB6DF6E-4100-4199-9A18-AF7DF5B56F0C}"
EndProject
Global
	GlobalSection(SolutionConfigurationPlatforms) = preSolution
		Debug|Any CPU = Debug|Any CPU
		Release|Any CPU = Release|Any CPU
	EndGlobalSection
	GlobalSection(ProjectConfigurationPlatforms) = postSolution
		{88FEE67D-CB77-4E94-9DEE-0F940F3873BF}.Debug|Any CPU.ActiveCfg = Debug|Any CPU
		{88FEE67D-CB77-4E94-9DEE-0F940F3873BF}.Debug|Any CPU.Build.0 = Debug|Any CPU
		{88FEE67D-CB77-4E94-9DEE-0F940F3873BF}.Release|Any CPU.ActiveCfg = Release|Any CPU
		{88FEE67D-CB77-4E94-9DEE-0F940F3873BF}.Release|Any CPU.Build.0 = Release|Any CPU
		{D7F3B9B9-C303-4CF1-8CF4-7BB16C4C2694}.Debug|Any CPU.ActiveCfg = Debug|Any CPU
		{D7F3B9B9-C303-4CF1-8CF4-7BB16C4C2694}.Debug|Any CPU.Build.0 = Debug|Any CPU
		{D7F3B9B9-C303-4CF1-8CF4-7BB16C4C2694}.Release|Any CPU.ActiveCfg = Release|Any CPU
		{D7F3B9B9-C303-4CF1-8CF4-7BB16C4C2694}.Release|Any CPU.Build.0 = Release|Any CPU
		{7BB6DF6E-4100-4199-9A18-AF7DF5B56F0C}.Debug|Any CPU.ActiveCfg = Debug|Any CPU
		{7BB6DF6E-4100-4199-9A18-AF7DF5B56F0C}.Debug|Any CPU.Build.0 = Debug|Any CPU
		{7BB6DF6E-4100-4199-9A18-AF7DF5B56F0C}.Release|Any CPU.ActiveCfg = Release|Any CPU
		{7BB6DF6E-4100-4199-9A18-AF7DF5B56F0C}.Release|Any CPU.Build.0 = Release|Any CPU
	EndGlobalSection
	GlobalSection(SolutionProperties) = preSolution
		HideSolutionNode = FALSE
	EndGlobalSection
	GlobalSection(ExtensibilityGlobals) = postSolution
		SolutionGuid = {B6DEB601-F622-4B3C-8F8A-B41DC6897D9A}
	EndGlobalSection
EndGlobal
